
Microsoft Visual Studio Solution File, Format Version 12.00
# Visual Studio Version 16
VisualStudioVersion = 16.0.31702.278
MinimumVisualStudioVersion = 10.0.40219.1
Project("{FAE04EC0-301F-11D3-BF4B-00C04F79EFBC}") = "CreationModelPlugin", "CreationModelPlugin\CreationModelPlugin.csproj", "{8D57FB01-F44B-4C41-AA45-0604B9EB7EA5}"
EndProject
Global
	GlobalSection(SolutionConfigurationPlatforms) = preSolution
		Debug|Any CPU = Debug|Any CPU
		Release|Any CPU = Release|Any CPU
	EndGlobalSection
	GlobalSection(ProjectConfigurationPlatforms) = postSolution
		{8D57FB01-F44B-4C41-AA45-0604B9EB7EA5}.Debug|Any CPU.ActiveCfg = Debug|Any CPU
		{8D57FB01-F44B-4C41-AA45-0604B9EB7EA5}.Debug|Any CPU.Build.0 = Debug|Any CPU
		{8D57FB01-F44B-4C41-AA45-0604B9EB7EA5}.Release|Any CPU.ActiveCfg = Release|Any CPU
		{8D57FB01-F44B-4C41-AA45-0604B9EB7EA5}.Release|Any CPU.Build.0 = Release|Any CPU
	EndGlobalSection
	GlobalSection(SolutionProperties) = preSolution
		HideSolutionNode = FALSE
	EndGlobalSection
	GlobalSection(ExtensibilityGlobals) = postSolution
		SolutionGuid = {99A6618F-A6E7-49B4-8B52-45E5F9B2B6AC}
	EndGlobalSection
EndGlobal
